{
  "projects": [
    {
      "projectId": "p6tU1MHcNvqW8cSkqwHcz5",
      "version": "latest",
      "dependencies": {},
      "lang": "js",
      "fileLocks": [
        {
          "type": "globalVariant",
          "assetId": "8U-qYRsGwai",
          "checksum": "e9f227e7ece5e1f55112988516edf123"
        },
        {
          "type": "image",
          "assetId": "B333mF8yR",
          "checksum": "fa0f2f8bfe390ec416da4297f91e8991"
        },
        {
          "type": "icon",
          "assetId": "Km9Nxtu8J_5",
          "checksum": "49ef35b01b83185afd7d228a22b56fc2"
        },
        {
          "type": "image",
          "assetId": "uchcX5_JS",
          "checksum": "787dcd0d9f0f983d504f41e6b28bf5f7"
        },
        {
          "type": "renderModule",
          "assetId": "fwM5YRpQfO",
          "checksum": "7c41748a5156dc3ef61d7a4280fb974c"
        },
        {
          "type": "cssRules",
          "assetId": "fwM5YRpQfO",
          "checksum": "7c41748a5156dc3ef61d7a4280fb974c"
        },
        {
          "type": "renderModule",
          "assetId": "dpTc1VI3P5",
          "checksum": "cd9f946412b5e75224de2531b2ff405a"
        },
        {
          "type": "cssRules",
          "assetId": "dpTc1VI3P5",
          "checksum": "cd9f946412b5e75224de2531b2ff405a"
        },
        {
          "type": "icon",
          "assetId": "MG5NbDC8lx",
          "checksum": "0f22c69546a4c57443fad6f65c73fecb"
        },
        {
          "type": "icon",
          "assetId": "J9OPz5GQhT",
          "checksum": "f24e6d206df3038fa23ea04374e54477"
        },
        {
          "type": "icon",
          "assetId": "xWz3mP7J7n",
          "checksum": "6c4d395d6195cbfde316d5789143864d"
        },
        {
          "type": "icon",
          "assetId": "-3jNUbjHt8",
          "checksum": "386700c26e7c89529a726e2e79a0a39c"
        },
        {
          "type": "icon",
          "assetId": "XmHlOAzX_A",
          "checksum": "2baa294f3218b30fa0853f3e24035021"
        },
        {
          "type": "icon",
          "assetId": "LzhoQ0xuBq",
          "checksum": "80c1607fa2190cfd1cc51a45d1e88eaf"
        },
        {
          "type": "icon",
          "assetId": "HX4xpV2nlb",
          "checksum": "b29eba8b2ab0d93822680cdac0e51da9"
        },
        {
          "type": "icon",
          "assetId": "0BkpIa_7nZ",
          "checksum": "b265e6d4a3c085d17908168f679aaaee"
        },
        {
          "type": "icon",
          "assetId": "hzF3hpHD_1",
          "checksum": "bf31db2291910bf7b6e8c73f50b16eeb"
        },
        {
          "type": "icon",
          "assetId": "Oubtb4gAlz",
          "checksum": "54a446fb803ae1c62351c8eaac3dde88"
        },
        {
          "type": "icon",
          "assetId": "L6LSWcuzGo",
          "checksum": "11a35381e96ac8231e79d9722d27a29a"
        },
        {
          "type": "image",
          "assetId": "1PbG4BnaS",
          "checksum": "223f0d39e79d328fe48300d44b4477a7"
        },
        {
          "type": "image",
          "assetId": "6IUx0PNr2",
          "checksum": "afbc19bbe8caa95eead76884326d2f0a"
        },
        {
          "type": "image",
          "assetId": "pJD9G7FZV",
          "checksum": "ce043be015ff1a9b2583f04f46ff5222"
        },
        {
          "type": "image",
          "assetId": "m9ubv721F",
          "checksum": "9916a0c0ef20704ae315bd7bb14d0406"
        },
        {
          "type": "image",
          "assetId": "p-HMla6Sl",
          "checksum": "7e60769f69090b62a9215c52cddc6d06"
        },
        {
          "type": "image",
          "assetId": "7c6gP-ws2",
          "checksum": "104166e9990c73706a91dd3a4d6b7819"
        },
        {
          "type": "icon",
          "assetId": "G998S9J8dsC",
          "checksum": "19eb9bef0b141f04d2a86cc2c607000b"
        },
        {
          "type": "renderModule",
          "assetId": "RMrm46xZDvn",
          "checksum": "4b20c46087eac35c7d68951347219d75"
        },
        {
          "type": "cssRules",
          "assetId": "RMrm46xZDvn",
          "checksum": "4b20c46087eac35c7d68951347219d75"
        },
        {
          "type": "renderModule",
          "assetId": "gfIegCu9e-",
          "checksum": "7e902a14c8b8996dcc7117d9f3652b92"
        },
        {
          "type": "cssRules",
          "assetId": "gfIegCu9e-",
          "checksum": "7e902a14c8b8996dcc7117d9f3652b92"
        },
        {
          "type": "renderModule",
          "assetId": "oWV9TLFVNrF",
          "checksum": "399553631cbda05b336034c12d6e2cc5"
        },
        {
          "type": "cssRules",
          "assetId": "oWV9TLFVNrF",
          "checksum": "399553631cbda05b336034c12d6e2cc5"
        },
        {
          "type": "renderModule",
          "assetId": "jdl5j8NnvX",
          "checksum": "4f2a9cd212f3558689212e7b5c1a691e"
        },
        {
          "type": "cssRules",
          "assetId": "jdl5j8NnvX",
          "checksum": "4f2a9cd212f3558689212e7b5c1a691e"
        },
        {
          "type": "renderModule",
          "assetId": "CC0ft16-YZ",
          "checksum": "a948287016757fbc19a36e2448ae7123"
        },
        {
          "type": "cssRules",
          "assetId": "CC0ft16-YZ",
          "checksum": "a948287016757fbc19a36e2448ae7123"
        },
        {
          "type": "renderModule",
          "assetId": "gRGt0V6DqB",
          "checksum": "9e296e80b72d7df4c029c9aaa0c28fc1"
        },
        {
          "type": "cssRules",
          "assetId": "gRGt0V6DqB",
          "checksum": "9e296e80b72d7df4c029c9aaa0c28fc1"
        },
        {
          "type": "renderModule",
          "assetId": "kCHmxNPUay",
          "checksum": "3ad83acaa6f945576c2f05d3c09d7671"
        },
        {
          "type": "cssRules",
          "assetId": "kCHmxNPUay",
          "checksum": "3ad83acaa6f945576c2f05d3c09d7671"
        },
        {
          "type": "renderModule",
          "assetId": "WQ6SiEsTfD",
          "checksum": "31a3295a212a124b284c6923e9dbe3b7"
        },
        {
          "type": "cssRules",
          "assetId": "WQ6SiEsTfD",
          "checksum": "31a3295a212a124b284c6923e9dbe3b7"
        },
        {
          "type": "icon",
          "assetId": "HGfquhKfKT",
          "checksum": "0eb40252d90c33874a6bd66dca9f60fc"
        },
        {
          "type": "icon",
          "assetId": "jkACsZndbL",
          "checksum": "36060370f8ad2fa9935ce714dec94eed"
        },
        {
          "type": "icon",
          "assetId": "5iLloI91nZ",
          "checksum": "0a86481969033d0e7734dffbd9c84c03"
        },
        {
          "type": "icon",
          "assetId": "-9zWCYvijW",
          "checksum": "cf7baf49b2ce192a4ced5e5206d1b9d5"
        },
        {
          "type": "icon",
          "assetId": "hxeNBUY5Yq",
          "checksum": "d66b16e2c65a77ddb000cd2c880993a2"
        },
        {
          "type": "icon",
          "assetId": "t9wEul69dC",
          "checksum": "dd94bc7d56375221f7c19728be3b0d6f"
        },
        {
          "type": "renderModule",
          "assetId": "6fKLW8gBeO",
          "checksum": "7f8fe83c78cf3701b9a8ee8a88a7c65b"
        },
        {
          "type": "cssRules",
          "assetId": "6fKLW8gBeO",
          "checksum": "7f8fe83c78cf3701b9a8ee8a88a7c65b"
        },
        {
          "type": "image",
          "assetId": "ebm6OzUQU",
          "checksum": "cffeca105eaea53f09ee13b1378d4cb9"
        },
        {
          "type": "renderModule",
          "assetId": "2wY7mvgKVJ",
          "checksum": "e853f91a1234b5e36b7706cfe534dc8f"
        },
        {
          "type": "cssRules",
          "assetId": "2wY7mvgKVJ",
          "checksum": "e853f91a1234b5e36b7706cfe534dc8f"
        },
        {
          "type": "renderModule",
          "assetId": "oTwJ-iK7gd",
          "checksum": "c09243fe6253b7f9be1da5600d8ff0ad"
        },
        {
          "type": "cssRules",
          "assetId": "oTwJ-iK7gd",
          "checksum": "c09243fe6253b7f9be1da5600d8ff0ad"
        },
        {
          "type": "image",
          "assetId": "ebm6OzUQU",
          "checksum": "cffeca105eaea53f09ee13b1378d4cb9"
        },
        {
          "assetId": "p6tU1MHcNvqW8cSkqwHcz5",
          "type": "projectCss",
          "checksum": "c96fce9ad6d039cc3011d1b9a252841e"
        }
      ],
      "codegenVersion": "0.0.1"
    }
  ],
  "cliVersion": "0.1.166"
}
